// !$*UTF8*$!
{
	archiveVersion = 1;
	classes = {
	};
	objectVersion = 50;
	objects = {

/* Begin PBXBuildFile section */
		8F305DDC252502D200B15BDD /* SpellView.swift in Sources */ = {isa = PBXBuildFile; fileRef = 8F305DDB252502D200B15BDD /* SpellView.swift */; };
		8F305DE02525041B00B15BDD /* Spells.json in Resources */ = {isa = PBXBuildFile; fileRef = 8F305DDF2525041B00B15BDD /* Spells.json */; };
		8F9AE20E25252B7F00E79C44 /* TabView.swift in Sources */ = {isa = PBXBuildFile; fileRef = 8F9AE20D25252B7F00E79C44 /* TabView.swift */; };
		8F9AE21125252BE200E79C44 /* ClassView.swift in Sources */ = {isa = PBXBuildFile; fileRef = 8F9AE21025252BE200E79C44 /* ClassView.swift */; };
		8F9AE21425252C8900E79C44 /* MeView.swift in Sources */ = {isa = PBXBuildFile; fileRef = 8F9AE21325252C8900E79C44 /* MeView.swift */; };
		8F9FEF7B2523D36300B70377 /* HelperStructs.swift in Sources */ = {isa = PBXBuildFile; fileRef = 8F9FEF7A2523D36300B70377 /* HelperStructs.swift */; };
		8F9FEF822523D94100B70377 /* NetworkExtension.framework in Frameworks */ = {isa = PBXBuildFile; fileRef = 8F9FEF812523D94100B70377 /* NetworkExtension.framework */; };
		8FCFB4B22523AB9C001D1733 /* AppDelegate.swift in Sources */ = {isa = PBXBuildFile; fileRef = 8FCFB4B12523AB9C001D1733 /* AppDelegate.swift */; };
		8FCFB4B42523AB9C001D1733 /* SceneDelegate.swift in Sources */ = {isa = PBXBuildFile; fileRef = 8FCFB4B32523AB9C001D1733 /* SceneDelegate.swift */; };
		8FCFB4B82523AB9C001D1733 /* Assets.xcassets in Resources */ = {isa = PBXBuildFile; fileRef = 8FCFB4B72523AB9C001D1733 /* Assets.xcassets */; };
		8FCFB4BB2523AB9C001D1733 /* Preview Assets.xcassets in Resources */ = {isa = PBXBuildFile; fileRef = 8FCFB4BA2523AB9C001D1733 /* Preview Assets.xcassets */; };
		8FCFB4BE2523AB9C001D1733 /* LaunchScreen.storyboard in Resources */ = {isa = PBXBuildFile; fileRef = 8FCFB4BC2523AB9C001D1733 /* LaunchScreen.storyboard */; };
/* End PBXBuildFile section */

/* Begin PBXFileReference section */
		8F305DDB252502D200B15BDD /* SpellView.swift */ = {isa = PBXFileReference; lastKnownFileType = sourcecode.swift; path = SpellView.swift; sourceTree = "<group>"; };
		8F305DDF2525041B00B15BDD /* Spells.json */ = {isa = PBXFileReference; fileEncoding = 4; lastKnownFileType = text.json; path = Spells.json; sourceTree = "<group>"; };
		8F9AE20D25252B7F00E79C44 /* TabView.swift */ = {isa = PBXFileReference; lastKnownFileType = sourcecode.swift; path = TabView.swift; sourceTree = "<group>"; };
		8F9AE21025252BE200E79C44 /* ClassView.swift */ = {isa = PBXFileReference; lastKnownFileType = sourcecode.swift; path = ClassView.swift; sourceTree = "<group>"; };
		8F9AE21325252C8900E79C44 /* MeView.swift */ = {isa = PBXFileReference; lastKnownFileType = sourcecode.swift; path = MeView.swift; sourceTree = "<group>"; };
		8F9FEF7A2523D36300B70377 /* HelperStructs.swift */ = {isa = PBXFileReference; lastKnownFileType = sourcecode.swift; path = HelperStructs.swift; sourceTree = "<group>"; };
		8F9FEF7F2523D94100B70377 /* Paladin.entitlements */ = {isa = PBXFileReference; lastKnownFileType = text.plist.entitlements; path = Paladin.entitlements; sourceTree = "<group>"; };
		8F9FEF812523D94100B70377 /* NetworkExtension.framework */ = {isa = PBXFileReference; lastKnownFileType = wrapper.framework; name = NetworkExtension.framework; path = System/Library/Frameworks/NetworkExtension.framework; sourceTree = SDKROOT; };
		8FCFB4AE2523AB9C001D1733 /* Paladin.app */ = {isa = PBXFileReference; explicitFileType = wrapper.application; includeInIndex = 0; path = Paladin.app; sourceTree = BUILT_PRODUCTS_DIR; };
		8FCFB4B12523AB9C001D1733 /* AppDelegate.swift */ = {isa = PBXFileReference; lastKnownFileType = sourcecode.swift; path = AppDelegate.swift; sourceTree = "<group>"; };
		8FCFB4B32523AB9C001D1733 /* SceneDelegate.swift */ = {isa = PBXFileReference; lastKnownFileType = sourcecode.swift; path = SceneDelegate.swift; sourceTree = "<group>"; };
		8FCFB4B72523AB9C001D1733 /* Assets.xcassets */ = {isa = PBXFileReference; lastKnownFileType = folder.assetcatalog; path = Assets.xcassets; sourceTree = "<group>"; };
		8FCFB4BA2523AB9C001D1733 /* Preview Assets.xcassets */ = {isa = PBXFileReference; lastKnownFileType = folder.assetcatalog; path = "Preview Assets.xcassets"; sourceTree = "<group>"; };
		8FCFB4BD2523AB9C001D1733 /* Base */ = {isa = PBXFileReference; lastKnownFileType = file.storyboard; name = Base; path = Base.lproj/LaunchScreen.storyboard; sourceTree = "<group>"; };
		8FCFB4BF2523AB9C001D1733 /* Info.plist */ = {isa = PBXFileReference; lastKnownFileType = text.plist.xml; path = Info.plist; sourceTree = "<group>"; };
/* End PBXFileReference section */

/* Begin PBXFrameworksBuildPhase section */
		8FCFB4AB2523AB9C001D1733 /* Frameworks */ = {
			isa = PBXFrameworksBuildPhase;
			buildActionMask = 2147483647;
			files = (
				8F9FEF822523D94100B70377 /* NetworkExtension.framework in Frameworks */,
			);
			runOnlyForDeploymentPostprocessing = 0;
		};
/* End PBXFrameworksBuildPhase section */

/* Begin PBXGroup section */
		8F9FEF802523D94100B70377 /* Frameworks */ = {
			isa = PBXGroup;
			children = (
				8F9FEF812523D94100B70377 /* NetworkExtension.framework */,
			);
			name = Frameworks;
			sourceTree = "<group>";
		};
		8FCFB4A52523AB9B001D1733 = {
			isa = PBXGroup;
			children = (
				8FCFB4B02523AB9C001D1733 /* Paladin */,
				8FCFB4AF2523AB9C001D1733 /* Products */,
				8F9FEF802523D94100B70377 /* Frameworks */,
			);
			sourceTree = "<group>";
		};
		8FCFB4AF2523AB9C001D1733 /* Products */ = {
			isa = PBXGroup;
			children = (
				8FCFB4AE2523AB9C001D1733 /* Paladin.app */,
			);
			name = Products;
			sourceTree = "<group>";
		};
		8FCFB4B02523AB9C001D1733 /* Paladin */ = {
			isa = PBXGroup;
			children = (
				8F9FEF7F2523D94100B70377 /* Paladin.entitlements */,
				8FCFB4B12523AB9C001D1733 /* AppDelegate.swift */,
				8FCFB4B32523AB9C001D1733 /* SceneDelegate.swift */,
				8FCFB4B72523AB9C001D1733 /* Assets.xcassets */,
				8FCFB4BC2523AB9C001D1733 /* LaunchScreen.storyboard */,
				8FCFB4BF2523AB9C001D1733 /* Info.plist */,
				8F305DDF2525041B00B15BDD /* Spells.json */,
				8FCFB4B92523AB9C001D1733 /* Preview Content */,
				8F9FEF7A2523D36300B70377 /* HelperStructs.swift */,
				8F305DDB252502D200B15BDD /* SpellView.swift */,
				8F9AE20D25252B7F00E79C44 /* TabView.swift */,
				8F9AE21025252BE200E79C44 /* ClassView.swift */,
				8F9AE21325252C8900E79C44 /* MeView.swift */,
			);
			path = Paladin;
			sourceTree = "<group>";
		};
		8FCFB4B92523AB9C001D1733 /* Preview Content */ = {
			isa = PBXGroup;
			children = (
				8FCFB4BA2523AB9C001D1733 /* Preview Assets.xcassets */,
			);
			path = "Preview Content";
			sourceTree = "<group>";
		};
/* End PBXGroup section */

/* Begin PBXNativeTarget section */
		8FCFB4AD2523AB9C001D1733 /* Paladin */ = {
			isa = PBXNativeTarget;
			buildConfigurationList = 8FCFB4C22523AB9C001D1733 /* Build configuration list for PBXNativeTarget "Paladin" */;
			buildPhases = (
				8FCFB4AA2523AB9C001D1733 /* Sources */,
				8FCFB4AB2523AB9C001D1733 /* Frameworks */,
				8FCFB4AC2523AB9C001D1733 /* Resources */,
			);
			buildRules = (
			);
			dependencies = (
			);
			name = Paladin;
			productName = Paladin;
			productReference = 8FCFB4AE2523AB9C001D1733 /* Paladin.app */;
			productType = "com.apple.product-type.application";
		};
/* End PBXNativeTarget section */

/* Begin PBXProject section */
		8FCFB4A62523AB9B001D1733 /* Project object */ = {
			isa = PBXProject;
			attributes = {
				LastSwiftUpdateCheck = 1200;
				LastUpgradeCheck = 1200;
				TargetAttributes = {
					8FCFB4AD2523AB9C001D1733 = {
						CreatedOnToolsVersion = 12.0.1;
					};
				};
			};
			buildConfigurationList = 8FCFB4A92523AB9B001D1733 /* Build configuration list for PBXProject "Paladin" */;
			compatibilityVersion = "Xcode 9.3";
			developmentRegion = en;
			hasScannedForEncodings = 0;
			knownRegions = (
				en,
				Base,
			);
			mainGroup = 8FCFB4A52523AB9B001D1733;
			productRefGroup = 8FCFB4AF2523AB9C001D1733 /* Products */;
			projectDirPath = "";
			projectRoot = "";
			targets = (
				8FCFB4AD2523AB9C001D1733 /* Paladin */,
			);
		};
/* End PBXProject section */

/* Begin PBXResourcesBuildPhase section */
		8FCFB4AC2523AB9C001D1733 /* Resources */ = {
			isa = PBXResourcesBuildPhase;
			buildActionMask = 2147483647;
			files = (
				8FCFB4BE2523AB9C001D1733 /* LaunchScreen.storyboard in Resources */,
				8FCFB4BB2523AB9C001D1733 /* Preview Assets.xcassets in Resources */,
				8F305DE02525041B00B15BDD /* Spells.json in Resources */,
				8FCFB4B82523AB9C001D1733 /* Assets.xcassets in Resources */,
			);
			runOnlyForDeploymentPostprocessing = 0;
		};
/* End PBXResourcesBuildPhase section */

/* Begin PBXSourcesBuildPhase section */
		8FCFB4AA2523AB9C001D1733 /* Sources */ = {
			isa = PBXSourcesBuildPhase;
			buildActionMask = 2147483647;
			files = (
				8F9AE21425252C8900E79C44 /* MeView.swift in Sources */,
				8F9AE20E25252B7F00E79C44 /* TabView.swift in Sources */,
				8F305DDC252502D200B15BDD /* SpellView.swift in Sources */,
				8FCFB4B22523AB9C001D1733 /* AppDelegate.swift in Sources */,
				8FCFB4B42523AB9C001D1733 /* SceneDelegate.swift in Sources */,
				8F9FEF7B2523D36300B70377 /* HelperStructs.swift in Sources */,
				8F9AE21125252BE200E79C44 /* ClassView.swift in Sources */,
			);
			runOnlyForDeploymentPostprocessing = 0;
		};
/* End PBXSourcesBuildPhase section */

/* Begin PBXVariantGroup section */
		8FCFB4BC2523AB9C001D1733 /* LaunchScreen.storyboard */ = {
			isa = PBXVariantGroup;
			children = (
				8FCFB4BD2523AB9C001D1733 /* Base */,
			);
			name = LaunchScreen.storyboard;
			sourceTree = "<group>";
		};
/* End PBXVariantGroup section */

/* Begin XCBuildConfiguration section */
		8FCFB4C02523AB9C001D1733 /* Debug */ = {
			isa = XCBuildConfiguration;
			buildSettings = {
				ALWAYS_SEARCH_USER_PATHS = NO;
				CLANG_ANALYZER_NONNULL = YES;
				CLANG_ANALYZER_NUMBER_OBJECT_CONVERSION = YES_AGGRESSIVE;
				CLANG_CXX_LANGUAGE_STANDARD = "gnu++14";
				CLANG_CXX_LIBRARY = "libc++";
				CLANG_ENABLE_MODULES = YES;
				CLANG_ENABLE_OBJC_ARC = YES;
				CLANG_ENABLE_OBJC_WEAK = YES;
				CLANG_WARN_BLOCK_CAPTURE_AUTORELEASING = YES;
				CLANG_WARN_BOOL_CONVERSION = YES;
				CLANG_WARN_COMMA = YES;
				CLANG_WARN_CONSTANT_CONVERSION = YES;
				CLANG_WARN_DEPRECATED_OBJC_IMPLEMENTATIONS = YES;
				CLANG_WARN_DIRECT_OBJC_ISA_USAGE = YES_ERROR;
				CLANG_WARN_DOCUMENTATION_COMMENTS = YES;
				CLANG_WARN_EMPTY_BODY = YES;
				CLANG_WARN_ENUM_CONVERSION = YES;
				CLANG_WARN_INFINITE_RECURSION = YES;
				CLANG_WARN_INT_CONVERSION = YES;
				CLANG_WARN_NON_LITERAL_NULL_CONVERSION = YES;
				CLANG_WARN_OBJC_IMPLICIT_RETAIN_SELF = YES;
				CLANG_WARN_OBJC_LITERAL_CONVERSION = YES;
				CLANG_WARN_OBJC_ROOT_CLASS = YES_ERROR;
				CLANG_WARN_QUOTED_INCLUDE_IN_FRAMEWORK_HEADER = YES;
				CLANG_WARN_RANGE_LOOP_ANALYSIS = YES;
				CLANG_WARN_STRICT_PROTOTYPES = YES;
				CLANG_WARN_SUSPICIOUS_MOVE = YES;
				CLANG_WARN_UNGUARDED_AVAILABILITY = YES_AGGRESSIVE;
				CLANG_WARN_UNREACHABLE_CODE = YES;
				CLANG_WARN__DUPLICATE_METHOD_MATCH = YES;
				COPY_PHASE_STRIP = NO;
				DEBUG_INFORMATION_FORMAT = dwarf;
				ENABLE_STRICT_OBJC_MSGSEND = YES;
				ENABLE_TESTABILITY = YES;
				GCC_C_LANGUAGE_STANDARD = gnu11;
				GCC_DYNAMIC_NO_PIC = NO;
				GCC_NO_COMMON_BLOCKS = YES;
				GCC_OPTIMIZATION_LEVEL = 0;
				GCC_PREPROCESSOR_DEFINITIONS = (
					"DEBUG=1",
					"$(inherited)",
				);
				GCC_WARN_64_TO_32_BIT_CONVERSION = YES;
				GCC_WARN_ABOUT_RETURN_TYPE = YES_ERROR;
				GCC_WARN_UNDECLARED_SELECTOR = YES;
				GCC_WARN_UNINITIALIZED_AUTOS = YES_AGGRESSIVE;
				GCC_WARN_UNUSED_FUNCTION = YES;
				GCC_WARN_UNUSED_VARIABLE = YES;
				IPHONEOS_DEPLOYMENT_TARGET = 14.0;
				MTL_ENABLE_DEBUG_INFO = INCLUDE_SOURCE;
				MTL_FAST_MATH = YES;
				ONLY_ACTIVE_ARCH = YES;
				SDKROOT = iphoneos;
				SWIFT_ACTIVE_COMPILATION_CONDITIONS = DEBUG;
				SWIFT_OPTIMIZATION_LEVEL = "-Onone";
			};
			name = Debug;
		};
		8FCFB4C12523AB9C001D1733 /* Release */ = {
			isa = XCBuildConfiguration;
			buildSettings = {
				ALWAYS_SEARCH_USER_PATHS = NO;
				CLANG_ANALYZER_NONNULL = YES;
				CLANG_ANALYZER_NUMBER_OBJECT_CONVERSION = YES_AGGRESSIVE;
				CLANG_CXX_LANGUAGE_STANDARD = "gnu++14";
				CLANG_CXX_LIBRARY = "libc++";
				CLANG_ENABLE_MODULES = YES;
				CLANG_ENABLE_OBJC_ARC = YES;
				CLANG_ENABLE_OBJC_WEAK = YES;
				CLANG_WARN_BLOCK_CAPTURE_AUTORELEASING = YES;
				CLANG_WARN_BOOL_CONVERSION = YES;
				CLANG_WARN_COMMA = YES;
				CLANG_WARN_CONSTANT_CONVERSION = YES;
				CLANG_WARN_DEPRECATED_OBJC_IMPLEMENTATIONS = YES;
				CLANG_WARN_DIRECT_OBJC_ISA_USAGE = YES_ERROR;
				CLANG_WARN_DOCUMENTATION_COMMENTS = YES;
				CLANG_WARN_EMPTY_BODY = YES;
				CLANG_WARN_ENUM_CONVERSION = YES;
				CLANG_WARN_INFINITE_RECURSION = YES;
				CLANG_WARN_INT_CONVERSION = YES;
				CLANG_WARN_NON_LITERAL_NULL_CONVERSION = YES;
				CLANG_WARN_OBJC_IMPLICIT_RETAIN_SELF = YES;
				CLANG_WARN_OBJC_LITERAL_CONVERSION = YES;
				CLANG_WARN_OBJC_ROOT_CLASS = YES_ERROR;
				CLANG_WARN_QUOTED_INCLUDE_IN_FRAMEWORK_HEADER = YES;
				CLANG_WARN_RANGE_LOOP_ANALYSIS = YES;
				CLANG_WARN_STRICT_PROTOTYPES = YES;
				CLANG_WARN_SUSPICIOUS_MOVE = YES;
				CLANG_WARN_UNGUARDED_AVAILABILITY = YES_AGGRESSIVE;
				CLANG_WARN_UNREACHABLE_CODE = YES;
				CLANG_WARN__DUPLICATE_METHOD_MATCH = YES;
				COPY_PHASE_STRIP = NO;
				DEBUG_INFORMATION_FORMAT = "dwarf-with-dsym";
				ENABLE_NS_ASSERTIONS = NO;
				ENABLE_STRICT_OBJC_MSGSEND = YES;
				GCC_C_LANGUAGE_STANDARD = gnu11;
				GCC_NO_COMMON_BLOCKS = YES;
				GCC_WARN_64_TO_32_BIT_CONVERSION = YES;
				GCC_WARN_ABOUT_RETURN_TYPE = YES_ERROR;
				GCC_WARN_UNDECLARED_SELECTOR = YES;
				GCC_WARN_UNINITIALIZED_AUTOS = YES_AGGRESSIVE;
				GCC_WARN_UNUSED_FUNCTION = YES;
				GCC_WARN_UNUSED_VARIABLE = YES;
				IPHONEOS_DEPLOYMENT_TARGET = 14.0;
				MTL_ENABLE_DEBUG_INFO = NO;
				MTL_FAST_MATH = YES;
				SDKROOT = iphoneos;
				SWIFT_COMPILATION_MODE = wholemodule;
				SWIFT_OPTIMIZATION_LEVEL = "-O";
				VALIDATE_PRODUCT = YES;
			};
			name = Release;
		};
		8FCFB4C32523AB9C001D1733 /* Debug */ = {
			isa = XCBuildConfiguration;
			buildSettings = {
				ASSETCATALOG_COMPILER_APPICON_NAME = AppIcon;
				ASSETCATALOG_COMPILER_GLOBAL_ACCENT_COLOR_NAME = AccentColor;
				CODE_SIGN_ENTITLEMENTS = Paladin/Paladin.entitlements;
				CODE_SIGN_STYLE = Automatic;
				DEVELOPMENT_ASSET_PATHS = "\"Paladin/Preview Content\"";
				DEVELOPMENT_TEAM = 4XTB3ZHPX2;
				ENABLE_PREVIEWS = YES;
				INFOPLIST_FILE = Paladin/Info.plist;
				LD_RUNPATH_SEARCH_PATHS = (
					"$(inherited)",
					"@executable_path/Frameworks",
				);
				PRODUCT_BUNDLE_IDENTIFIER = com.grassrootsco.dev.Paladin;
				PRODUCT_NAME = "$(TARGET_NAME)";
				SWIFT_VERSION = 5.0;
				TARGETED_DEVICE_FAMILY = "1,2";
			};
			name = Debug;
		};
		8FCFB4C42523AB9C001D1733 /* Release */ = {
			isa = XCBuildConfiguration;
			buildSettings = {
				ASSETCATALOG_COMPILER_APPICON_NAME = AppIcon;
				ASSETCATALOG_COMPILER_GLOBAL_ACCENT_COLOR_NAME = AccentColor;
				CODE_SIGN_ENTITLEMENTS = Paladin/Paladin.entitlements;
				CODE_SIGN_STYLE = Automatic;
				DEVELOPMENT_ASSET_PATHS = "\"Paladin/Preview Content\"";
				DEVELOPMENT_TEAM = 4XTB3ZHPX2;
				ENABLE_PREVIEWS = YES;
				INFOPLIST_FILE = Paladin/Info.plist;
				LD_RUNPATH_SEARCH_PATHS = (
					"$(inherited)",
					"@executable_path/Frameworks",
				);
				PRODUCT_BUNDLE_IDENTIFIER = com.grassrootsco.dev.Paladin;
				PRODUCT_NAME = "$(TARGET_NAME)";
				SWIFT_VERSION = 5.0;
				TARGETED_DEVICE_FAMILY = "1,2";
			};
			name = Release;
		};
/* End XCBuildConfiguration section */

/* Begin XCConfigurationList section */
		8FCFB4A92523AB9B001D1733 /* Build configuration list for PBXProject "Paladin" */ = {
			isa = XCConfigurationList;
			buildConfigurations = (
				8FCFB4C02523AB9C001D1733 /* Debug */,
				8FCFB4C12523AB9C001D1733 /* Release */,
			);
			defaultConfigurationIsVisible = 0;
			defaultConfigurationName = Release;
		};
		8FCFB4C22523AB9C001D1733 /* Build configuration list for PBXNativeTarget "Paladin" */ = {
			isa = XCConfigurationList;
			buildConfigurations = (
				8FCFB4C32523AB9C001D1733 /* Debug */,
				8FCFB4C42523AB9C001D1733 /* Release */,
			);
			defaultConfigurationIsVisible = 0;
			defaultConfigurationName = Release;
		};
/* End XCConfigurationList section */
	};
	rootObject = 8FCFB4A62523AB9B001D1733 /* Project object */;
}
